
Microsoft Visual Studio Solution File, Format Version 12.00
# Visual Studio Version 17
VisualStudioVersion = 17.9.34728.123
MinimumVisualStudioVersion = 10.0.40219.1
Project("{FAE04EC0-301F-11D3-BF4B-00C04F79EFBC}") = "Flights.Server", "Flights.Server\Flights.Server.csproj", "{8A77FD2F-FF1D-4FC6-ADF9-B856E898CAEB}"
EndProject
Project("{54A90642-561A-4BB1-A94E-469ADEE60C69}") = "flights.client", "flights.client\flights.client.esproj", "{AE3BC98A-4156-40BE-9FD3-0884C83106A2}"
EndProject
Global
	GlobalSection(SolutionConfigurationPlatforms) = preSolution
		Debug|Any CPU = Debug|Any CPU
		Release|Any CPU = Release|Any CPU
	EndGlobalSection
	GlobalSection(ProjectConfigurationPlatforms) = postSolution
		{8A77FD2F-FF1D-4FC6-ADF9-B856E898CAEB}.Debug|Any CPU.ActiveCfg = Debug|Any CPU
		{8A77FD2F-FF1D-4FC6-ADF9-B856E898CAEB}.Debug|Any CPU.Build.0 = Debug|Any CPU
		{8A77FD2F-FF1D-4FC6-ADF9-B856E898CAEB}.Release|Any CPU.ActiveCfg = Release|Any CPU
		{8A77FD2F-FF1D-4FC6-ADF9-B856E898CAEB}.Release|Any CPU.Build.0 = Release|Any CPU
		{AE3BC98A-4156-40BE-9FD3-0884C83106A2}.Debug|Any CPU.ActiveCfg = Debug|Any CPU
		{AE3BC98A-4156-40BE-9FD3-0884C83106A2}.Debug|Any CPU.Build.0 = Debug|Any CPU
		{AE3BC98A-4156-40BE-9FD3-0884C83106A2}.Debug|Any CPU.Deploy.0 = Debug|Any CPU
		{AE3BC98A-4156-40BE-9FD3-0884C83106A2}.Release|Any CPU.ActiveCfg = Release|Any CPU
		{AE3BC98A-4156-40BE-9FD3-0884C83106A2}.Release|Any CPU.Build.0 = Release|Any CPU
		{AE3BC98A-4156-40BE-9FD3-0884C83106A2}.Release|Any CPU.Deploy.0 = Release|Any CPU
	EndGlobalSection
	GlobalSection(SolutionProperties) = preSolution
		HideSolutionNode = FALSE
	EndGlobalSection
	GlobalSection(ExtensibilityGlobals) = postSolution
		SolutionGuid = {8ABF772A-E08B-46D1-8CED-80F0B44FF701}
	EndGlobalSection
EndGlobal
